{
  "requires": true,
  "lockfileVersion": 1,
  "dependencies": {
    "@dcloudio/uni-cli-i18n": {
      "version": "2.0.2-3070920230324001",
      "resolved": "https://registry.npmjs.org/@dcloudio/uni-cli-i18n/-/uni-cli-i18n-2.0.2-3070920230324001.tgz",
      "integrity": "sha512-/PsNqUhNAdAfe6AB27jwlIYE0hjEPLRlnv9bmKQntCVv1BRvIeDVgZFzL04j7pSGlTa7m85y+JshhhlLirV4yA==",
      "requires": {
        "i18n": "^0.13.3",
        "os-locale-s-fix": "^1.0.8-fix-1"
      }
    },
    "@dcloudio/uni-i18n": {
      "version": "2.0.2-3070920230324001",
      "resolved": "https://registry.npmjs.org/@dcloudio/uni-i18n/-/uni-i18n-2.0.2-3070920230324001.tgz",
      "integrity": "sha512-+F67svctafszMcPk73nvuoNjiryvRQyHSyr3KQUiH2nLIi6Vq7Q6hw3Nv+92nT0Ll5DdGs/XtZPav1re15IoWg=="
    },
    "debug": {
      "version": "4.3.4",
      "resolved": "https://registry.npmjs.org/debug/-/debug-4.3.4.tgz",
      "integrity": "sha512-PRWFHuSU3eDtQJPvnNY7Jcket1j0t5OuOsFzPPzsekD52Zl8qUfFIPEiswXqIvHWGVHOgX+7G/vCNNhehwxfkQ==",
      "requires": {
        "ms": "2.1.2"
      }
    },
    "i18n": {
      "version": "0.13.4",
      "resolved": "https://registry.npmjs.org/i18n/-/i18n-0.13.4.tgz",
      "integrity": "sha512-GZnXWeA15jTi9gc1jfgrJcSrNYDg7qbJXSYMuibqPYb1ThORmGCeM+gL6LrDagYRHh87/q/D0jRSOhAfv6wAow==",
      "requires": {
        "debug": "^4.3.3",
        "make-plural": "^7.0.0",
        "math-interval-parser": "^2.0.1",
        "messageformat": "^2.3.0",
        "mustache": "^4.2.0",
        "sprintf-js": "^1.1.2"
      }
    },
    "invert-kv": {
      "version": "3.0.1",
      "resolved": "https://registry.npmjs.org/invert-kv/-/invert-kv-3.0.1.tgz",
      "integrity": "sha512-CYdFeFexxhv/Bcny+Q0BfOV+ltRlJcd4BBZBYFX/O0u4npJrgZtIcjokegtiSMAvlMTJ+Koq0GBCc//3bueQxw=="
    },
    "lcid": {
      "version": "3.1.1",
      "resolved": "https://registry.npmjs.org/lcid/-/lcid-3.1.1.tgz",
      "integrity": "sha512-M6T051+5QCGLBQb8id3hdvIW8+zeFV2FyBGFS9IEK5H9Wt4MueD4bW1eWikpHgZp+5xR3l5c8pZUkQsIA0BFZg==",
      "requires": {
        "invert-kv": "^3.0.0"
      }
    },
    "make-plural": {
      "version": "7.2.0",
      "resolved": "https://registry.npmjs.org/make-plural/-/make-plural-7.2.0.tgz",
      "integrity": "sha512-WkdI+iaWaBCFM2wUXwos8Z7spg5Dt64Xe/VI6NpRaly21cDtD76N6S97K//UtzV0dHOiXX+E90TnszdXHG0aMg=="
    },
    "math-interval-parser": {
      "version": "2.0.1",
      "resolved": "https://registry.npmjs.org/math-interval-parser/-/math-interval-parser-2.0.1.tgz",
      "integrity": "sha512-VmlAmb0UJwlvMyx8iPhXUDnVW1F9IrGEd9CIOmv+XL8AErCUUuozoDMrgImvnYt2A+53qVX/tPW6YJurMKYsvA=="
    },
    "messageformat": {
      "version": "2.3.0",
      "resolved": "https://registry.npmjs.org/messageformat/-/messageformat-2.3.0.tgz",
      "integrity": "sha512-uTzvsv0lTeQxYI2y1NPa1lItL5VRI8Gb93Y2K2ue5gBPyrbJxfDi/EYWxh2PKv5yO42AJeeqblS9MJSh/IEk4w==",
      "requires": {
        "make-plural": "^4.3.0",
        "messageformat-formatters": "^2.0.1",
        "messageformat-parser": "^4.1.2"
      },
      "dependencies": {
        "make-plural": {
          "version": "4.3.0",
          "resolved": "https://registry.npmjs.org/make-plural/-/make-plural-4.3.0.tgz",
          "integrity": "sha512-xTYd4JVHpSCW+aqDof6w/MebaMVNTVYBZhbB/vi513xXdiPT92JMVCo0Jq8W2UZnzYRFeVbQiQ+I25l13JuKvA==",
          "requires": {
            "minimist": "^1.2.0"
          }
        }
      }
    },
    "messageformat-formatters": {
      "version": "2.0.1",
      "resolved": "https://registry.npmjs.org/messageformat-formatters/-/messageformat-formatters-2.0.1.tgz",
      "integrity": "sha512-E/lQRXhtHwGuiQjI7qxkLp8AHbMD5r2217XNe/SREbBlSawe0lOqsFb7rflZJmlQFSULNLIqlcjjsCPlB3m3Mg=="
    },
    "messageformat-parser": {
      "version": "4.1.3",
      "resolved": "https://registry.npmjs.org/messageformat-parser/-/messageformat-parser-4.1.3.tgz",
      "integrity": "sha512-2fU3XDCanRqeOCkn7R5zW5VQHWf+T3hH65SzuqRvjatBK7r4uyFa5mEX+k6F9Bd04LVM5G4/BHBTUJsOdW7uyg=="
    },
    "minimist": {
      "version": "1.2.8",
      "resolved": "https://registry.npmjs.org/minimist/-/minimist-1.2.8.tgz",
      "integrity": "sha512-2yyAR8qBkN3YuheJanUpWC5U3bb5osDywNB8RzDVlDwDHbocAJveqqj1u8+SVD7jkWT4yvsHCpWqqWqAxb0zCA=="
    },
    "ms": {
      "version": "2.1.2",
      "resolved": "https://registry.npmjs.org/ms/-/ms-2.1.2.tgz",
      "integrity": "sha512-sGkPx+VjMtmA6MX27oA4FBFELFCZZ4S4XqeGOXCv68tT+jb3vk/RyaKWP0PTKyWtmLSM0b+adUTEvbs1PEaH2w=="
    },
    "mustache": {
      "version": "4.2.0",
      "resolved": "https://registry.npmjs.org/mustache/-/mustache-4.2.0.tgz",
      "integrity": "sha512-71ippSywq5Yb7/tVYyGbkBggbU8H3u5Rz56fH60jGFgr8uHwxs+aSKeqmluIVzM0m0kB7xQjKS6qPfd0b2ZoqQ=="
    },
    "os-locale-s-fix": {
      "version": "1.0.8-fix-1",
      "resolved": "https://registry.npmjs.org/os-locale-s-fix/-/os-locale-s-fix-1.0.8-fix-1.tgz",
      "integrity": "sha512-Sv0OvhPiMutICiwORAUefv02DCPb62IelBmo8ZsSrRHyI3FStqIWZvjqDkvtjU+lcujo7UNir+dCwKSqlEQ/5w==",
      "requires": {
        "lcid": "^3.0.0"
      }
    },
    "sprintf-js": {
      "version": "1.1.2",
      "resolved": "https://registry.npmjs.org/sprintf-js/-/sprintf-js-1.1.2.tgz",
      "integrity": "sha512-VE0SOVEHCk7Qc8ulkWw3ntAzXuqf7S2lvwQaDLRnUeIEaKNQJzV6BwmLKhOqT61aGhfUMrXeaBk+oDGCzvhcug=="
    }
  }
}
